{
  "name": "cjs-indexing-hash",
  "version": "1.2.0",
  "lockfileVersion": 1,
  "requires": true,
  "dependencies": {
    "cjs-sync-hooks": {
      "version": "0.1.1",
      "resolved": "https://registry.npmjs.org/cjs-sync-hooks/-/cjs-sync-hooks-0.1.1.tgz",
      "integrity": "sha1-pe7uKppHRphNnIdrxqi+1KXufOI=",
      "requires": {
        "lodash.foreach": "^4.5.0"
      }
    },
    "lodash.foreach": {
      "version": "4.5.0",
      "resolved": "https://registry.npmjs.org/lodash.foreach/-/lodash.foreach-4.5.0.tgz",
      "integrity": "sha1-Gmo16s5AEoDH8G3d7DUWWrJ+PlM="
    }
  }
}
